<?xml version="1.0" encoding="utf-8"?>
<Project ToolsVersion="4.0" xmlns="http://schemas.microsoft.com/developer/msbuild/2003">
  <ItemGroup>
    <Filter Include="Source Files">
      <UniqueIdentifier>{37611e89-07aa-42b1-8a8e-88951e2982df}</UniqueIdentifier>
      <Extensions>cpp;c;cxx;rc;def;r;odl;idl;hpj;bat</Extensions>
    </Filter>
    <Filter Include="Header Files">
      <UniqueIdentifier>{72c3713f-bb1e-4cea-9dd3-849f63fe6440}</UniqueIdentifier>
      <Extensions>h;hpp;hxx;hm;inl</Extensions>
    </Filter>
    <Filter Include="Resource Files">
      <UniqueIdentifier>{c9dae535-0deb-4896-aa6f-6dbd9dffea90}</UniqueIdentifier>
      <Extensions>ico;cur;bmp;dlg;rc2;rct;bin;rgs;gif;jpg;jpeg;jpe</Extensions>
    </Filter>
    <Filter Include="Source Files\vms">
      <UniqueIdentifier>{2d0de932-b4c1-4b62-9ae0-847316b476a8}</UniqueIdentifier>
    </Filter>
    <Filter Include="Source Files\dlg">
      <UniqueIdentifier>{52ee8190-c153-4898-997f-425bd818013e}</UniqueIdentifier>
    </Filter>
    <Filter Include="Source Files\fs">
      <UniqueIdentifier>{5d49f2f4-b881-4b22-8a58-d7b547ec442e}</UniqueIdentifier>
    </Filter>
    <Filter Include="Header Files\dlg">
      <UniqueIdentifier>{0297adcf-3f28-4894-a1f8-f375ba6b625c}</UniqueIdentifier>
    </Filter>
    <Filter Include="Header Files\fs">
      <UniqueIdentifier>{7da3dd38-a8f6-462a-a020-46accb934e76}</UniqueIdentifier>
    </Filter>
    <Filter Include="Header Files\vms">
      <UniqueIdentifier>{72801688-437d-4dc4-94bd-d63134ef4cae}</UniqueIdentifier>
    </Filter>
    <Filter Include="Source Files\webinterface">
      <UniqueIdentifier>{7c741933-1c92-407c-a995-ee120a1b6158}</UniqueIdentifier>
    </Filter>
  </ItemGroup>
  <ItemGroup>
    <ClCompile Include="source\AppStatusBar.cpp">
      <Filter>Source Files</Filter>
    </ClCompile>
    <ClCompile Include="source\ChildView.cpp">
      <Filter>Source Files</Filter>
    </ClCompile>
    <ClCompile Include="source\ClientAreaWnd.cpp">
      <Filter>Source Files</Filter>
    </ClCompile>
    <ClCompile Include="source\ColumnTreeCtrl.cpp">
      <Filter>Source Files</Filter>
    </ClCompile>
    <ClCompile Include="source\ComboBox_Ex.cpp">
      <Filter>Source Files</Filter>
    </ClCompile>
    <ClCompile Include="source\ComboBoxTreeCtrl.cpp">
      <Filter>Source Files</Filter>
    </ClCompile>
    <ClCompile Include="source\CreateBatchDownload.cpp">
      <Filter>Source Files</Filter>
    </ClCompile>
    <ClCompile Include="source\DownloaderProperties_ListPage.cpp">
      <Filter>Source Files</Filter>
    </ClCompile>
    <ClCompile Include="source\DownloaderProperties_NewDownloadPage.cpp">
      <Filter>Source Files</Filter>
    </ClCompile>
    <ClCompile Include="source\DownloaderProperties_NotificationsPage.cpp">
      <Filter>Source Files</Filter>
    </ClCompile>
    <ClCompile Include="source\DownloaderPropertiesSheet.cpp">
      <Filter>Source Files</Filter>
    </ClCompile>
    <ClCompile Include="source\DownloadProperties.cpp">
      <Filter>Source Files</Filter>
    </ClCompile>
    <ClCompile Include="source\DownloadProperties_ConnectionPage.cpp">
      <Filter>Source Files</Filter>
    </ClCompile>
    <ClCompile Include="source\DownloadProperties_GeneralPage.cpp">
      <Filter>Source Files</Filter>
    </ClCompile>
    <ClCompile Include="source\DownloadProperties_IntegrityPage.cpp">
      <Filter>Source Files</Filter>
    </ClCompile>
    <ClCompile Include="source\DownloadProperties_MiscPage.cpp">
      <Filter>Source Files</Filter>
    </ClCompile>
    <ClCompile Include="source\DownloadProperties_ProtocolPage.cpp">
      <Filter>Source Files</Filter>
    </ClCompile>
    <ClCompile Include="source\DownloadProperties_ProxyPage.cpp">
      <Filter>Source Files</Filter>
    </ClCompile>
    <ClCompile Include="source\DownloadPropertiesSheet.cpp">
      <Filter>Source Files</Filter>
    </ClCompile>
    <ClCompile Include="source\Downloads_Deleted.cpp">
      <Filter>Source Files</Filter>
    </ClCompile>
    <ClCompile Include="source\Downloads_Downloads.cpp">
      <Filter>Source Files</Filter>
    </ClCompile>
    <ClCompile Include="source\Downloads_Groups.cpp">
      <Filter>Source Files</Filter>
    </ClCompile>
    <ClCompile Include="source\Downloads_Info.cpp">
      <Filter>Source Files</Filter>
    </ClCompile>
    <ClCompile Include="source\Downloads_InfoFrame.cpp">
      <Filter>Source Files</Filter>
    </ClCompile>
    <ClCompile Include="source\Downloads_Log.cpp">
      <Filter>Source Files</Filter>
    </ClCompile>
    <ClCompile Include="source\Downloads_Progress.cpp">
      <Filter>Source Files</Filter>
    </ClCompile>
    <ClCompile Include="source\Downloads_Tasks.cpp">
      <Filter>Source Files</Filter>
    </ClCompile>
    <ClCompile Include="source\DownloadsGroupsComboBox.cpp">
      <Filter>Source Files</Filter>
    </ClCompile>
    <ClCompile Include="source\DownloadsWnd.cpp">
      <Filter>Source Files</Filter>
    </ClCompile>
    <ClCompile Include="source\FdmApp.cpp">
      <Filter>Source Files</Filter>
    </ClCompile>
    <ClCompile Include="source\FdmBalloon.cpp">
      <Filter>Source Files</Filter>
    </ClCompile>
    <ClCompile Include="source\FdmBalloon_Content.cpp">
      <Filter>Source Files</Filter>
    </ClCompile>
    <ClCompile Include="source\FdmBalloon_OnDownloadDone.cpp">
      <Filter>Source Files</Filter>
    </ClCompile>
    <ClCompile Include="source\FdmBalloonContent.cpp">
      <Filter>Source Files</Filter>
    </ClCompile>
    <ClCompile Include="source\FolderBrowser.cpp">
      <Filter>Source Files</Filter>
    </ClCompile>
    <ClCompile Include="source\grutil.cpp">
      <Filter>Source Files</Filter>
    </ClCompile>
    <ClCompile Include="source\inetutil.cpp">
      <Filter>Source Files</Filter>
    </ClCompile>
    <ClCompile Include="source\ListCtrlEx.cpp">
      <Filter>Source Files</Filter>
    </ClCompile>
    <ClCompile Include="source\MainFrm.cpp">
      <Filter>Source Files</Filter>
    </ClCompile>
    <ClCompile Include="source\mfchelp.cpp">
      <Filter>Source Files</Filter>
    </ClCompile>
    <ClCompile Include="source\misc.cpp">
      <Filter>Source Files</Filter>
    </ClCompile>
    <ClCompile Include="source\MyBalloon.cpp">
      <Filter>Source Files</Filter>
    </ClCompile>
    <ClCompile Include="source\MyBalloon_Content.cpp">
      <Filter>Source Files</Filter>
    </ClCompile>
    <ClCompile Include="source\MyMessageBox.cpp">
      <Filter>Source Files</Filter>
    </ClCompile>
    <ClCompile Include="source\PlugFrame2Tabs.cpp">
      <Filter>Source Files</Filter>
    </ClCompile>
    <ClCompile Include="source\PluginFrame2.cpp">
      <Filter>Source Files</Filter>
    </ClCompile>
    <ClCompile Include="source\Schedule_AdvancedPage.cpp">
      <Filter>Source Files</Filter>
    </ClCompile>
    <ClCompile Include="source\Schedule_HTSPage.cpp">
      <Filter>Source Files</Filter>
    </ClCompile>
    <ClCompile Include="source\Scheduler_Log.cpp">
      <Filter>Source Files</Filter>
    </ClCompile>
    <ClCompile Include="source\ScheduleSheet.cpp">
      <Filter>Source Files</Filter>
    </ClCompile>
    <ClCompile Include="source\Sheduler_Tasks.cpp">
      <Filter>Source Files</Filter>
    </ClCompile>
    <ClCompile Include="source\ShedulerWnd.cpp">
      <Filter>Source Files</Filter>
    </ClCompile>
    <ClCompile Include="source\SiteManager_GeneralPage.cpp">
      <Filter>Source Files</Filter>
    </ClCompile>
    <ClCompile Include="source\SiteManager_PasswordsPage.cpp">
      <Filter>Source Files</Filter>
    </ClCompile>
    <ClCompile Include="source\SiteManagerSheet.cpp">
      <Filter>Source Files</Filter>
    </ClCompile>
    <ClCompile Include="source\Sites_AdvancedPage.cpp">
      <Filter>Source Files</Filter>
    </ClCompile>
    <ClCompile Include="source\Sites_GeneralPage.cpp">
      <Filter>Source Files</Filter>
    </ClCompile>
    <ClCompile Include="source\SitesSheet.cpp">
      <Filter>Source Files</Filter>
    </ClCompile>
    <ClCompile Include="source\SitesWnd.cpp">
      <Filter>Source Files</Filter>
    </ClCompile>
    <ClCompile Include="source\StdAfx.cpp">
      <Filter>Source Files</Filter>
    </ClCompile>
    <ClCompile Include="source\system.cpp">
      <Filter>Source Files</Filter>
    </ClCompile>
    <ClCompile Include="source\ToolBarEx.cpp">
      <Filter>Source Files</Filter>
    </ClCompile>
    <ClCompile Include="source\TrayIconPosition.cpp">
      <Filter>Source Files</Filter>
    </ClCompile>
    <ClCompile Include="source\TreeCtrlEx.cpp">
      <Filter>Source Files</Filter>
    </ClCompile>
    <ClCompile Include="source\UIThread.cpp">
      <Filter>Source Files</Filter>
    </ClCompile>
    <ClCompile Include="source\UrlWnd.cpp">
      <Filter>Source Files</Filter>
    </ClCompile>
    <ClCompile Include="source\Wnd_DownloadProgress.cpp">
      <Filter>Source Files</Filter>
    </ClCompile>
    <ClCompile Include="source\WndDlDoneNotification.cpp">
      <Filter>Source Files</Filter>
    </ClCompile>
    <ClCompile Include="source\WndLog.cpp">
      <Filter>Source Files</Filter>
    </ClCompile>
    <ClCompile Include="source\WndSplitter.cpp">
      <Filter>Source Files</Filter>
    </ClCompile>
    <ClCompile Include="source\XInfoTip.cpp">
      <Filter>Source Files</Filter>
    </ClCompile>
    <ClCompile Include="source\MemHandleGuard.cpp">
      <Filter>Source Files</Filter>
    </ClCompile>
    <ClCompile Include="source\CsvParser.cpp">
      <Filter>Source Files</Filter>
    </ClCompile>
    <ClCompile Include="source\Utils.cpp">
      <Filter>Source Files</Filter>
    </ClCompile>
    <ClCompile Include="source\AlsFolderBrowser.cpp">
      <Filter>Source Files</Filter>
    </ClCompile>
    <ClCompile Include="source\StateInfo.cpp">
      <Filter>Source Files</Filter>
    </ClCompile>
    <ClCompile Include="source\vmsLogger.cpp">
      <Filter>Source Files</Filter>
    </ClCompile>
    <ClCompile Include="source\Dlg_CheckFileIntegrity.cpp">
      <Filter>Source Files\dlg</Filter>
    </ClCompile>
    <ClCompile Include="source\Dlg_CheckFileIntegrity_Progress.cpp">
      <Filter>Source Files\dlg</Filter>
    </ClCompile>
    <ClCompile Include="source\Dlg_CheckFileIntegrity_Result.cpp">
      <Filter>Source Files\dlg</Filter>
    </ClCompile>
    <ClCompile Include="source\Dlg_ChooseGroup.cpp">
      <Filter>Source Files\dlg</Filter>
    </ClCompile>
    <ClCompile Include="source\Dlg_Download.cpp">
      <Filter>Source Files\dlg</Filter>
    </ClCompile>
    <ClCompile Include="source\Dlg_Download_OnHide.cpp">
      <Filter>Source Files\dlg</Filter>
    </ClCompile>
    <ClCompile Include="source\Dlg_Options.cpp">
      <Filter>Source Files\dlg</Filter>
    </ClCompile>
    <ClCompile Include="source\Dlg_Options_Downloads.cpp">
      <Filter>Source Files\dlg</Filter>
    </ClCompile>
    <ClCompile Include="source\Dlg_Options_Downloads_Network.cpp">
      <Filter>Source Files\dlg</Filter>
    </ClCompile>
    <ClCompile Include="source\Dlg_Options_Downloads_NewDld.cpp">
      <Filter>Source Files\dlg</Filter>
    </ClCompile>
    <ClCompile Include="source\Dlg_Options_Downloads_TimeLimit.cpp">
      <Filter>Source Files\dlg</Filter>
    </ClCompile>
    <ClCompile Include="source\Dlg_Options_General.cpp">
      <Filter>Source Files\dlg</Filter>
    </ClCompile>
    <ClCompile Include="source\Dlg_Options_General_Misc.cpp">
      <Filter>Source Files\dlg</Filter>
    </ClCompile>
    <ClCompile Include="source\Dlg_Options_Notifications.cpp">
      <Filter>Source Files\dlg</Filter>
    </ClCompile>
    <ClCompile Include="source\Dlg_Options_Page.cpp">
      <Filter>Source Files\dlg</Filter>
    </ClCompile>
    <ClCompile Include="source\Dlg_Options_SiteMgr.cpp">
      <Filter>Source Files\dlg</Filter>
    </ClCompile>
    <ClCompile Include="source\Dlg_SavePassword.cpp">
      <Filter>Source Files\dlg</Filter>
    </ClCompile>
    <ClCompile Include="source\Dlg_SetBatchNumbers.cpp">
      <Filter>Source Files\dlg</Filter>
    </ClCompile>
    <ClCompile Include="source\Dlg_ShutdownType.cpp">
      <Filter>Source Files\dlg</Filter>
    </ClCompile>
    <ClCompile Include="source\Dlg_TUMChanged.cpp">
      <Filter>Source Files\dlg</Filter>
    </ClCompile>
    <ClCompile Include="source\vmsAppSettingsStore.cpp">
      <Filter>Source Files\vms</Filter>
    </ClCompile>
    <ClCompile Include="source\vmsAppUtil.cpp">
      <Filter>Source Files\vms</Filter>
    </ClCompile>
    <ClCompile Include="source\vmsBatchList.cpp">
      <Filter>Source Files\vms</Filter>
    </ClCompile>
    <ClCompile Include="source\vmsCommandLine.cpp">
      <Filter>Source Files\vms</Filter>
    </ClCompile>
    <ClCompile Include="source\vmsDialogHelper.cpp">
      <Filter>Source Files\vms</Filter>
    </ClCompile>
    <ClCompile Include="source\vmsDownloadMgrEx.cpp">
      <Filter>Source Files\vms</Filter>
    </ClCompile>
    <ClCompile Include="source\vmsDownloadsGroupsMgr.cpp">
      <Filter>Source Files\vms</Filter>
    </ClCompile>
    <ClCompile Include="source\vmsDownloadsListHelper.cpp">
      <Filter>Source Files\vms</Filter>
    </ClCompile>
    <ClCompile Include="source\vmsDrawHelper.cpp">
      <Filter>Source Files\vms</Filter>
    </ClCompile>
    <ClCompile Include="source\vmsFdmAppMgr.cpp">
      <Filter>Source Files\vms</Filter>
    </ClCompile>
    <ClCompile Include="source\vmsFile.cpp">
      <Filter>Source Files\vms</Filter>
    </ClCompile>
    <ClCompile Include="source\vmsFileExtensionInOs.cpp">
      <Filter>Source Files\vms</Filter>
    </ClCompile>
    <ClCompile Include="source\vmsFileRecentList.cpp">
      <Filter>Source Files\vms</Filter>
    </ClCompile>
    <ClCompile Include="source\vmsFilesToDelete.cpp">
      <Filter>Source Files\vms</Filter>
    </ClCompile>
    <ClCompile Include="source\vmsFileUtil.cpp">
      <Filter>Source Files\vms</Filter>
    </ClCompile>
    <ClCompile Include="source\vmsInternetSession.cpp">
      <Filter>Source Files\vms</Filter>
    </ClCompile>
    <ClCompile Include="source\vmsIpHelper.cpp">
      <Filter>Source Files\vms</Filter>
    </ClCompile>
    <ClCompile Include="source\vmsLogger.cpp">
      <Filter>Source Files\vms</Filter>
    </ClCompile>
    <ClCompile Include="source\vmsMaximumSpeedMeter.cpp">
      <Filter>Source Files\vms</Filter>
    </ClCompile>
    <ClCompile Include="source\vmsMetalinkFile.cpp">
      <Filter>Source Files\vms</Filter>
    </ClCompile>
    <ClCompile Include="source\vmsNotEverywhereSupportedFunctions.cpp">
      <Filter>Source Files\vms</Filter>
    </ClCompile>
    <ClCompile Include="source\vmsPersistableListOfDownloads.cpp">
      <Filter>Source Files\vms</Filter>
    </ClCompile>
    <ClCompile Include="source\vmsPersistObject.cpp">
      <Filter>Source Files\vms</Filter>
    </ClCompile>
    <ClCompile Include="source\vmsRegisteredApp.cpp">
      <Filter>Source Files\vms</Filter>
    </ClCompile>
    <ClCompile Include="source\vmsRenderer.cpp">
      <Filter>Source Files\vms</Filter>
    </ClCompile>
    <ClCompile Include="source\vmsSecurity.cpp">
      <Filter>Source Files\vms</Filter>
    </ClCompile>
    <ClCompile Include="source\vmsSimpleFileDownloader.cpp">
      <Filter>Source Files\vms</Filter>
    </ClCompile>
    <ClCompile Include="source\vmsSkinMgr.cpp">
      <Filter>Source Files\vms</Filter>
    </ClCompile>
    <ClCompile Include="source\vmsSpeedTracker.cpp">
      <Filter>Source Files\vms</Filter>
    </ClCompile>
    <ClCompile Include="source\vmsStringList.cpp">
      <Filter>Source Files\vms</Filter>
    </ClCompile>
    <ClCompile Include="source\vmsStringParser.cpp">
      <Filter>Source Files\vms</Filter>
    </ClCompile>
    <ClCompile Include="source\vmsStringRecentList.cpp">
      <Filter>Source Files\vms</Filter>
    </ClCompile>
    <ClCompile Include="source\vmsSystem.cpp">
      <Filter>Source Files\vms</Filter>
    </ClCompile>
    <ClCompile Include="source\vmsTheme.cpp">
      <Filter>Source Files\vms</Filter>
    </ClCompile>
    <ClCompile Include="source\vmsTickCount.cpp">
      <Filter>Source Files\vms</Filter>
    </ClCompile>
    <ClCompile Include="source\vmsTrafficUsageModeMgr.cpp">
      <Filter>Source Files\vms</Filter>
    </ClCompile>
    <ClCompile Include="source\vmsTreeCtrlHelper.cpp">
      <Filter>Source Files\vms</Filter>
    </ClCompile>
    <ClCompile Include="source\vmsWindowsStatusBar.cpp">
      <Filter>Source Files\vms</Filter>
    </ClCompile>
    <ClCompile Include="source\vmsXmlHelper.cpp">
      <Filter>Source Files\vms</Filter>
    </ClCompile>
    <ClCompile Include="source\fsAppSettings.cpp">
      <Filter>Source Files\fs</Filter>
    </ClCompile>
    <ClCompile Include="source\fsArchiveFileStream.cpp">
      <Filter>Source Files\fs</Filter>
    </ClCompile>
    <ClCompile Include="source\fsArchiveInternetStream.cpp">
      <Filter>Source Files\fs</Filter>
    </ClCompile>
    <ClCompile Include="source\fsArchiveRebuilder.cpp">
      <Filter>Source Files\fs</Filter>
    </ClCompile>
    <ClCompile Include="source\fsArchiveRebuilderStream.cpp">
      <Filter>Source Files\fs</Filter>
    </ClCompile>
    <ClCompile Include="source\fsAutorunMgr.cpp">
      <Filter>Source Files\fs</Filter>
    </ClCompile>
    <ClCompile Include="source\fsClipboardMgr.cpp">
      <Filter>Source Files\fs</Filter>
    </ClCompile>
    <ClCompile Include="source\fsCmdHistoryMgr.cpp">
      <Filter>Source Files\fs</Filter>
    </ClCompile>
    <ClCompile Include="source\fsCommandLineParser.cpp">
      <Filter>Source Files\fs</Filter>
    </ClCompile>
    <ClCompile Include="source\fsContextHelpMgr.cpp">
      <Filter>Source Files\fs</Filter>
    </ClCompile>
    <ClCompile Include="source\fsDialogsMgr.cpp">
      <Filter>Source Files\fs</Filter>
    </ClCompile>
    <ClCompile Include="source\fsDldFilter.cpp">
      <Filter>Source Files\fs</Filter>
    </ClCompile>
    <ClCompile Include="source\fsDownload.cpp">
      <Filter>Source Files\fs</Filter>
    </ClCompile>
    <ClCompile Include="source\fsDownloadMgr.cpp">
      <Filter>Source Files\fs</Filter>
    </ClCompile>
    <ClCompile Include="source\fsDownloadRegSaver.cpp">
      <Filter>Source Files\fs</Filter>
    </ClCompile>
    <ClCompile Include="source\fsDownloadsMgr.cpp">
      <Filter>Source Files\fs</Filter>
    </ClCompile>
    <ClCompile Include="source\fsEventsMgr.cpp">
      <Filter>Source Files\fs</Filter>
    </ClCompile>
    <ClCompile Include="source\fsFDMCmdLineParser.cpp">
      <Filter>Source Files\fs</Filter>
    </ClCompile>
    <ClCompile Include="source\fsFindDownloadMgr.cpp">
      <Filter>Source Files\fs</Filter>
    </ClCompile>
    <ClCompile Include="source\fsHistoriesMgr.cpp">
      <Filter>Source Files\fs</Filter>
    </ClCompile>
    <ClCompile Include="source\fsInternetDownloader.cpp">
      <Filter>Source Files\fs</Filter>
    </ClCompile>
    <ClCompile Include="source\fsLangMgr.cpp">
      <Filter>Source Files\fs</Filter>
    </ClCompile>
    <ClCompile Include="source\fsMFCLangMgr.cpp">
      <Filter>Source Files\fs</Filter>
    </ClCompile>
    <ClCompile Include="source\fsMutex.cpp">
      <Filter>Source Files\fs</Filter>
    </ClCompile>
    <ClCompile Include="source\fsODMenu.cpp">
      <Filter>Source Files\fs</Filter>
    </ClCompile>
    <ClCompile Include="source\fsPluginMgr.cpp">
      <Filter>Source Files\fs</Filter>
    </ClCompile>
    <ClCompile Include="source\fsScheduleMgr.cpp">
      <Filter>Source Files\fs</Filter>
    </ClCompile>
    <ClCompile Include="source\fsSitePingMgr.cpp">
      <Filter>Source Files\fs</Filter>
    </ClCompile>
    <ClCompile Include="source\fsSitesMgr.cpp">
      <Filter>Source Files\fs</Filter>
    </ClCompile>
    <ClCompile Include="source\fsSoundsMgr.cpp">
      <Filter>Source Files\fs</Filter>
    </ClCompile>
    <ClCompile Include="source\fsSpeedMeter.cpp">
      <Filter>Source Files\fs</Filter>
    </ClCompile>
    <ClCompile Include="source\fsTicksMgr.cpp">
      <Filter>Source Files\fs</Filter>
    </ClCompile>
    <ClCompile Include="source\fsTrayIconMgr.cpp">
      <Filter>Source Files\fs</Filter>
    </ClCompile>
    <ClCompile Include="source\fsZipArchiveFastRebuilder.cpp">
      <Filter>Source Files\fs</Filter>
    </ClCompile>
    <ClCompile Include="source\fsZipArchiveRebuilder.cpp">
      <Filter>Source Files\fs</Filter>
    </ClCompile>
    <ClCompile Include="source\Dlg_CreateDownloads.cpp">
      <Filter>Source Files\dlg</Filter>
    </ClCompile>
    <ClCompile Include="source\Dlg_CBD_SeeResults.cpp">
      <Filter>Source Files\dlg</Filter>
    </ClCompile>
    <ClCompile Include="source\Dlg_CreateDownload.cpp">
      <Filter>Source Files\dlg</Filter>
    </ClCompile>
    <ClCompile Include="source\Dlg_DDR.cpp">
      <Filter>Source Files\dlg</Filter>
    </ClCompile>
    <ClCompile Include="source\Dlg_WaitForConfirmation.cpp">
      <Filter>Source Files\dlg</Filter>
    </ClCompile>
    <ClCompile Include="source\Dlg_UrlWithLogin.cpp">
      <Filter>Source Files\dlg</Filter>
    </ClCompile>
    <ClCompile Include="source\Dlg_DownloadAlrExists.cpp">
      <Filter>Source Files\dlg</Filter>
    </ClCompile>
    <ClCompile Include="source\Dlg_ConnectionSpeedInfo.cpp">
      <Filter>Source Files\dlg</Filter>
    </ClCompile>
    <ClCompile Include="source\Dlg_DeletedProperties.cpp">
      <Filter>Source Files\dlg</Filter>
    </ClCompile>
    <ClCompile Include="source\Dlg_DL.cpp">
      <Filter>Source Files\dlg</Filter>
    </ClCompile>
    <ClCompile Include="source\Dlg_ExportDownloads.cpp">
      <Filter>Source Files\dlg</Filter>
    </ClCompile>
    <ClCompile Include="source\Dlg_Find.cpp">
      <Filter>Source Files\dlg</Filter>
    </ClCompile>
    <ClCompile Include="source\Dlg_FindAdvanced.cpp">
      <Filter>Source Files\dlg</Filter>
    </ClCompile>
    <ClCompile Include="source\Dlg_ProgramOptions.cpp">
      <Filter>Source Files\dlg</Filter>
    </ClCompile>
    <ClCompile Include="source\Dlg_Sounds.cpp">
      <Filter>Source Files\dlg</Filter>
    </ClCompile>
    <ClCompile Include="source\Dlg_TumSettingsPerDirection.cpp">
      <Filter>Source Files\dlg</Filter>
    </ClCompile>
    <ClCompile Include="source\Dlg_SpecifyNetworkSpeedValue.cpp">
      <Filter>Source Files\dlg</Filter>
    </ClCompile>
    <ClCompile Include="source\Dlg_AER.cpp">
      <Filter>Source Files\dlg</Filter>
    </ClCompile>
    <ClCompile Include="source\Dlg_Wait.cpp">
      <Filter>Source Files\dlg</Filter>
    </ClCompile>
    <ClCompile Include="source\Dlg_SCR.cpp">
      <Filter>Source Files\dlg</Filter>
    </ClCompile>
    <ClCompile Include="source\Dlg_NOW.cpp">
      <Filter>Source Files\dlg</Filter>
    </ClCompile>
    <ClCompile Include="source\Dlg_Login.cpp">
      <Filter>Source Files\dlg</Filter>
    </ClCompile>
    <ClCompile Include="source\Dlg_Group.cpp">
      <Filter>Source Files\dlg</Filter>
    </ClCompile>
    <ClCompile Include="source\vmsCrashReporter.cpp">
      <Filter>Source Files\vms</Filter>
    </ClCompile>
    <ClCompile Include="source\vmsFdmWebInterfaceServer.cpp">
      <Filter>Source Files\webinterface</Filter>
    </ClCompile>
    <ClCompile Include="source\vmsHttpConnection.cpp">
      <Filter>Source Files\webinterface</Filter>
    </ClCompile>
    <ClCompile Include="source\vmsHttpRequest.cpp">
      <Filter>Source Files\webinterface</Filter>
    </ClCompile>
    <ClCompile Include="source\vmsHttpResourceContainer.cpp">
      <Filter>Source Files\webinterface</Filter>
    </ClCompile>
    <ClCompile Include="source\vmsHttpResponse.cpp">
      <Filter>Source Files\webinterface</Filter>
    </ClCompile>
    <ClCompile Include="source\vmsHttpServer.cpp">
      <Filter>Source Files\webinterface</Filter>
    </ClCompile>
    <ClCompile Include="source\Dlg_Options_Webinterface.cpp">
      <Filter>Source Files\dlg</Filter>
    </ClCompile>
  </ItemGroup>
  <ItemGroup>
    <ClInclude Include="source\AppStatusBar.h">
      <Filter>Header Files</Filter>
    </ClInclude>
    <ClInclude Include="source\CFDM.h">
      <Filter>Header Files</Filter>
    </ClInclude>
    <ClInclude Include="source\ChildView.h">
      <Filter>Header Files</Filter>
    </ClInclude>
    <ClInclude Include="source\ClientAreaWnd.h">
      <Filter>Header Files</Filter>
    </ClInclude>
    <ClInclude Include="source\ColumnTreeCtrl.h">
      <Filter>Header Files</Filter>
    </ClInclude>
    <ClInclude Include="source\ComboBox_Ex.h">
      <Filter>Header Files</Filter>
    </ClInclude>
    <ClInclude Include="source\ComboBoxTreeCtrl.h">
      <Filter>Header Files</Filter>
    </ClInclude>
    <ClInclude Include="source\common.h">
      <Filter>Header Files</Filter>
    </ClInclude>
    <ClInclude Include="source\CreateBatchDownload.h">
      <Filter>Header Files</Filter>
    </ClInclude>
    <ClInclude Include="source\DownloadAlrExistsDlg.h">
      <Filter>Header Files</Filter>
    </ClInclude>
    <ClInclude Include="source\DownloaderProperties_BtPage.h">
      <Filter>Header Files</Filter>
    </ClInclude>
    <ClInclude Include="source\DownloaderProperties_CommunityPage.h">
      <Filter>Header Files</Filter>
    </ClInclude>
    <ClInclude Include="source\DownloaderProperties_ListPage.h">
      <Filter>Header Files</Filter>
    </ClInclude>
    <ClInclude Include="source\DownloaderProperties_MirrorsPage.h">
      <Filter>Header Files</Filter>
    </ClInclude>
    <ClInclude Include="source\DownloaderProperties_NewDownloadPage.h">
      <Filter>Header Files</Filter>
    </ClInclude>
    <ClInclude Include="source\DownloaderProperties_NotificationsPage.h">
      <Filter>Header Files</Filter>
    </ClInclude>
    <ClInclude Include="source\DownloaderPropertiesSheet.h">
      <Filter>Header Files</Filter>
    </ClInclude>
    <ClInclude Include="source\DownloadProperties.h">
      <Filter>Header Files</Filter>
    </ClInclude>
    <ClInclude Include="source\DownloadProperties_ConnectionPage.h">
      <Filter>Header Files</Filter>
    </ClInclude>
    <ClInclude Include="source\DownloadProperties_GeneralPage.h">
      <Filter>Header Files</Filter>
    </ClInclude>
    <ClInclude Include="source\DownloadProperties_IntegrityPage.h">
      <Filter>Header Files</Filter>
    </ClInclude>
    <ClInclude Include="source\DownloadProperties_MirrorsPage.h">
      <Filter>Header Files</Filter>
    </ClInclude>
    <ClInclude Include="source\DownloadProperties_MiscPage.h">
      <Filter>Header Files</Filter>
    </ClInclude>
    <ClInclude Include="source\DownloadProperties_ProtocolPage.h">
      <Filter>Header Files</Filter>
    </ClInclude>
    <ClInclude Include="source\DownloadProperties_ProxyPage.h">
      <Filter>Header Files</Filter>
    </ClInclude>
    <ClInclude Include="source\DownloadPropertiesSheet.h">
      <Filter>Header Files</Filter>
    </ClInclude>
    <ClInclude Include="source\Downloads_Deleted.h">
      <Filter>Header Files</Filter>
    </ClInclude>
    <ClInclude Include="source\Downloads_Downloads.h">
      <Filter>Header Files</Filter>
    </ClInclude>
    <ClInclude Include="source\Downloads_Groups.h">
      <Filter>Header Files</Filter>
    </ClInclude>
    <ClInclude Include="source\Downloads_History.h">
      <Filter>Header Files</Filter>
    </ClInclude>
    <ClInclude Include="source\Downloads_Info.h">
      <Filter>Header Files</Filter>
    </ClInclude>
    <ClInclude Include="source\Downloads_InfoFrame.h">
      <Filter>Header Files</Filter>
    </ClInclude>
    <ClInclude Include="source\Downloads_Log.h">
      <Filter>Header Files</Filter>
    </ClInclude>
    <ClInclude Include="source\Downloads_Progress.h">
      <Filter>Header Files</Filter>
    </ClInclude>
    <ClInclude Include="source\Downloads_Tasks.h">
      <Filter>Header Files</Filter>
    </ClInclude>
    <ClInclude Include="source\DownloadsGroupsComboBox.h">
      <Filter>Header Files</Filter>
    </ClInclude>
    <ClInclude Include="source\DownloadsWnd.h">
      <Filter>Header Files</Filter>
    </ClInclude>
    <ClInclude Include="source\FDCButton.h">
      <Filter>Header Files</Filter>
    </ClInclude>
    <ClInclude Include="source\FdmApp.h">
      <Filter>Header Files</Filter>
    </ClInclude>
    <ClInclude Include="source\FdmBalloon.h">
      <Filter>Header Files</Filter>
    </ClInclude>
    <ClInclude Include="source\FdmBalloon_Content.h">
      <Filter>Header Files</Filter>
    </ClInclude>
    <ClInclude Include="source\FdmBalloon_OnDownloadDone.h">
      <Filter>Header Files</Filter>
    </ClInclude>
    <ClInclude Include="source\FdmBalloonContent.h">
      <Filter>Header Files</Filter>
    </ClInclude>
    <ClInclude Include="source\FDMDownload.h">
      <Filter>Header Files</Filter>
    </ClInclude>
    <ClInclude Include="source\FDMDownloadsStat.h">
      <Filter>Header Files</Filter>
    </ClInclude>
    <ClInclude Include="source\FDMUploader.h">
      <Filter>Header Files</Filter>
    </ClInclude>
    <ClInclude Include="source\FDMUploadPackage.h">
      <Filter>Header Files</Filter>
    </ClInclude>
    <ClInclude Include="source\FloatingInfo_ListCtrlWnd.h">
      <Filter>Header Files</Filter>
    </ClInclude>
    <ClInclude Include="source\FloatingInfoWnd.h">
      <Filter>Header Files</Filter>
    </ClInclude>
    <ClInclude Include="source\FloatingWnd.h">
      <Filter>Header Files</Filter>
    </ClInclude>
    <ClInclude Include="source\FloatingWndDropTarget.h">
      <Filter>Header Files</Filter>
    </ClInclude>
    <ClInclude Include="source\FloatingWndsThread.h">
      <Filter>Header Files</Filter>
    </ClInclude>
    <ClInclude Include="source\FolderBrowser.h">
      <Filter>Header Files</Filter>
    </ClInclude>
    <ClInclude Include="source\grutil.h">
      <Filter>Header Files</Filter>
    </ClInclude>
    <ClInclude Include="source\HFE_Address.h">
      <Filter>Header Files</Filter>
    </ClInclude>
    <ClInclude Include="source\HFE_FileList.h">
      <Filter>Header Files</Filter>
    </ClInclude>
    <ClInclude Include="source\HFE_ListLog.h">
      <Filter>Header Files</Filter>
    </ClInclude>
    <ClInclude Include="source\HFE_Log.h">
      <Filter>Header Files</Filter>
    </ClInclude>
    <ClInclude Include="source\HFE_ProtocolPage.h">
      <Filter>Header Files</Filter>
    </ClInclude>
    <ClInclude Include="source\HFESheet.h">
      <Filter>Header Files</Filter>
    </ClInclude>
    <ClInclude Include="source\HFEWnd.h">
      <Filter>Header Files</Filter>
    </ClInclude>
    <ClInclude Include="source\inetutil.h">
      <Filter>Header Files</Filter>
    </ClInclude>
    <ClInclude Include="source\ListCtrlEx.h">
      <Filter>Header Files</Filter>
    </ClInclude>
    <ClInclude Include="source\MainFrm.h">
      <Filter>Header Files</Filter>
    </ClInclude>
    <ClInclude Include="source\mfchelp.h">
      <Filter>Header Files</Filter>
    </ClInclude>
    <ClInclude Include="source\misc.h">
      <Filter>Header Files</Filter>
    </ClInclude>
    <ClInclude Include="source\MyBalloon.h">
      <Filter>Header Files</Filter>
    </ClInclude>
    <ClInclude Include="source\MyBalloon_Content.h">
      <Filter>Header Files</Filter>
    </ClInclude>
    <ClInclude Include="source\MyMessageBox.h">
      <Filter>Header Files</Filter>
    </ClInclude>
    <ClInclude Include="source\PlugFrame2Tabs.h">
      <Filter>Header Files</Filter>
    </ClInclude>
    <ClInclude Include="source\plugincmds.h">
      <Filter>Header Files</Filter>
    </ClInclude>
    <ClInclude Include="source\PluginFrame2.h">
      <Filter>Header Files</Filter>
    </ClInclude>
    <ClInclude Include="source\plugins.h">
      <Filter>Header Files</Filter>
    </ClInclude>
    <ClInclude Include="source\Prg_Data.h">
      <Filter>Header Files</Filter>
    </ClInclude>
    <ClInclude Include="source\Prg_GeneralPage.h">
      <Filter>Header Files</Filter>
    </ClInclude>
    <ClInclude Include="source\Prg_HistoryPage.h">
      <Filter>Header Files</Filter>
    </ClInclude>
    <ClInclude Include="source\Prg_MiscPage.h">
      <Filter>Header Files</Filter>
    </ClInclude>
    <ClInclude Include="source\Prg_SkinsPage.h">
      <Filter>Header Files</Filter>
    </ClInclude>
    <ClInclude Include="source\Prg_UpdatePage.h">
      <Filter>Header Files</Filter>
    </ClInclude>
    <ClInclude Include="source\PrgSheet.h">
      <Filter>Header Files</Filter>
    </ClInclude>
    <ClInclude Include="source\Resource.h">
      <Filter>Header Files</Filter>
    </ClInclude>
    <ClInclude Include="source\Schedule_AdvancedPage.h">
      <Filter>Header Files</Filter>
    </ClInclude>
    <ClInclude Include="source\Schedule_HTSPage.h">
      <Filter>Header Files</Filter>
    </ClInclude>
    <ClInclude Include="source\Schedule_WTSPage.h">
      <Filter>Header Files</Filter>
    </ClInclude>
    <ClInclude Include="source\Scheduler_Log.h">
      <Filter>Header Files</Filter>
    </ClInclude>
    <ClInclude Include="source\ScheduleSheet.h">
      <Filter>Header Files</Filter>
    </ClInclude>
    <ClInclude Include="source\Sheduler_Tasks.h">
      <Filter>Header Files</Filter>
    </ClInclude>
    <ClInclude Include="source\ShedulerWnd.h">
      <Filter>Header Files</Filter>
    </ClInclude>
    <ClInclude Include="source\shockwaveflash.h">
      <Filter>Header Files</Filter>
    </ClInclude>
    <ClInclude Include="source\SiteManager_GeneralPage.h">
      <Filter>Header Files</Filter>
    </ClInclude>
    <ClInclude Include="source\SiteManager_PasswordsPage.h">
      <Filter>Header Files</Filter>
    </ClInclude>
    <ClInclude Include="source\SiteManagerSheet.h">
      <Filter>Header Files</Filter>
    </ClInclude>
    <ClInclude Include="source\Sites_AdvancedPage.h">
      <Filter>Header Files</Filter>
    </ClInclude>
    <ClInclude Include="source\Sites_GeneralPage.h">
      <Filter>Header Files</Filter>
    </ClInclude>
    <ClInclude Include="source\SitesSheet.h">
      <Filter>Header Files</Filter>
    </ClInclude>
    <ClInclude Include="source\SitesWnd.h">
      <Filter>Header Files</Filter>
    </ClInclude>
    <ClInclude Include="source\SmallTipWnd.h">
      <Filter>Header Files</Filter>
    </ClInclude>
    <ClInclude Include="source\SpiderTasks.h">
      <Filter>Header Files</Filter>
    </ClInclude>
    <ClInclude Include="source\SpiderTaskTree.h">
      <Filter>Header Files</Filter>
    </ClInclude>
    <ClInclude Include="source\SpiderWnd.h">
      <Filter>Header Files</Filter>
    </ClInclude>
    <ClInclude Include="source\StdAfx.h">
      <Filter>Header Files</Filter>
    </ClInclude>
    <ClInclude Include="source\system.h">
      <Filter>Header Files</Filter>
    </ClInclude>
    <ClInclude Include="source\ToolBarEx.h">
      <Filter>Header Files</Filter>
    </ClInclude>
    <ClInclude Include="source\TreeCtrlEx.h">
      <Filter>Header Files</Filter>
    </ClInclude>
    <ClInclude Include="source\UIThread.h">
      <Filter>Header Files</Filter>
    </ClInclude>
    <ClInclude Include="source\UrlWnd.h">
      <Filter>Header Files</Filter>
    </ClInclude>
    <ClInclude Include="source\webbrowser2.h">
      <Filter>Header Files</Filter>
    </ClInclude>
    <ClInclude Include="source\WebBrowser2Customization.h">
      <Filter>Header Files</Filter>
    </ClInclude>
    <ClInclude Include="source\WgUrlListReceiver.h">
      <Filter>Header Files</Filter>
    </ClInclude>
    <ClInclude Include="source\WGUrlReceiver.h">
      <Filter>Header Files</Filter>
    </ClInclude>
    <ClInclude Include="source\Wnd_Banner.h">
      <Filter>Header Files</Filter>
    </ClInclude>
    <ClInclude Include="source\Wnd_DownloadProgress.h">
      <Filter>Header Files</Filter>
    </ClInclude>
    <ClInclude Include="source\Wnd_FDMGetCustVer_Btn.h">
      <Filter>Header Files</Filter>
    </ClInclude>
    <ClInclude Include="source\WndDlDoneNotification.h">
      <Filter>Header Files</Filter>
    </ClInclude>
    <ClInclude Include="source\WndLog.h">
      <Filter>Header Files</Filter>
    </ClInclude>
    <ClInclude Include="source\WndSplitter.h">
      <Filter>Header Files</Filter>
    </ClInclude>
    <ClInclude Include="source\WPDS_FilesPage.h">
      <Filter>Header Files</Filter>
    </ClInclude>
    <ClInclude Include="source\WPDS_GeneralPage.h">
      <Filter>Header Files</Filter>
    </ClInclude>
    <ClInclude Include="source\WPDS_ImagesPages.h">
      <Filter>Header Files</Filter>
    </ClInclude>
    <ClInclude Include="source\WPDS_Sheet.h">
      <Filter>Header Files</Filter>
    </ClInclude>
    <ClInclude Include="source\WPDS_WebPagesPage.h">
      <Filter>Header Files</Filter>
    </ClInclude>
    <ClInclude Include="source\XInfoTip.h">
      <Filter>Header Files</Filter>
    </ClInclude>
    <ClInclude Include="source\MemHandleGuard.h">
      <Filter>Header Files</Filter>
    </ClInclude>
    <ClInclude Include="source\CsvParser.h">
      <Filter>Header Files</Filter>
    </ClInclude>
    <ClInclude Include="source\ImportWizardPropertySheet.h">
      <Filter>Header Files</Filter>
    </ClInclude>
    <ClInclude Include="source\IwManagersPropertyPage.h">
      <Filter>Header Files</Filter>
    </ClInclude>
    <ClInclude Include="source\IwProgressPropertyPage.h">
      <Filter>Header Files</Filter>
    </ClInclude>
    <ClInclude Include="source\IwResultPropertyPage.h">
      <Filter>Header Files</Filter>
    </ClInclude>
    <ClInclude Include="source\Utils.h">
      <Filter>Header Files</Filter>
    </ClInclude>
    <ClInclude Include="source\ImportManager.h">
      <Filter>Header Files</Filter>
    </ClInclude>
    <ClInclude Include="source\FdmUiWindow.h">
      <Filter>Header Files</Filter>
    </ClInclude>
    <ClInclude Include="source\dldscommon.h">
      <Filter>Header Files</Filter>
    </ClInclude>
    <ClInclude Include="source\AlsFolderBrowser.h">
      <Filter>Header Files</Filter>
    </ClInclude>
    <ClInclude Include="source\StateInfo.h">
      <Filter>Header Files</Filter>
    </ClInclude>
    <ClInclude Include="source\CmdHistorySaver.h">
      <Filter>Header Files</Filter>
    </ClInclude>
    <ClInclude Include="source\vmsLogger.h">
      <Filter>Header Files</Filter>
    </ClInclude>
    <ClInclude Include="source\Dlg_CheckFileIntegrity.h">
      <Filter>Header Files\dlg</Filter>
    </ClInclude>
    <ClInclude Include="source\Dlg_CheckFileIntegrity_Progress.h">
      <Filter>Header Files\dlg</Filter>
    </ClInclude>
    <ClInclude Include="source\Dlg_CheckFileIntegrity_Result.h">
      <Filter>Header Files\dlg</Filter>
    </ClInclude>
    <ClInclude Include="source\Dlg_ChooseGroup.h">
      <Filter>Header Files\dlg</Filter>
    </ClInclude>
    <ClInclude Include="source\Dlg_Convert.h">
      <Filter>Header Files\dlg</Filter>
    </ClInclude>
    <ClInclude Include="source\Dlg_Download.h">
      <Filter>Header Files\dlg</Filter>
    </ClInclude>
    <ClInclude Include="source\Dlg_Download_OnHide.h">
      <Filter>Header Files\dlg</Filter>
    </ClInclude>
    <ClInclude Include="source\Dlg_Options.h">
      <Filter>Header Files\dlg</Filter>
    </ClInclude>
    <ClInclude Include="source\Dlg_Options_Downloads.h">
      <Filter>Header Files\dlg</Filter>
    </ClInclude>
    <ClInclude Include="source\Dlg_Options_Downloads_Flv.h">
      <Filter>Header Files\dlg</Filter>
    </ClInclude>
    <ClInclude Include="source\Dlg_Options_Downloads_Mirrors.h">
      <Filter>Header Files\dlg</Filter>
    </ClInclude>
    <ClInclude Include="source\Dlg_Options_Downloads_Network.h">
      <Filter>Header Files\dlg</Filter>
    </ClInclude>
    <ClInclude Include="source\Dlg_Options_Downloads_NewDld.h">
      <Filter>Header Files\dlg</Filter>
    </ClInclude>
    <ClInclude Include="source\Dlg_Options_Downloads_TimeLimit.h">
      <Filter>Header Files\dlg</Filter>
    </ClInclude>
    <ClInclude Include="source\Dlg_Options_General.h">
      <Filter>Header Files\dlg</Filter>
    </ClInclude>
    <ClInclude Include="source\Dlg_Options_General_History.h">
      <Filter>Header Files\dlg</Filter>
    </ClInclude>
    <ClInclude Include="source\Dlg_Options_General_Misc.h">
      <Filter>Header Files\dlg</Filter>
    </ClInclude>
    <ClInclude Include="source\Dlg_Options_General_Misc_Advanced.h">
      <Filter>Header Files\dlg</Filter>
    </ClInclude>
    <ClInclude Include="source\Dlg_Options_Notifications.h">
      <Filter>Header Files\dlg</Filter>
    </ClInclude>
    <ClInclude Include="source\Dlg_Options_Page.h">
      <Filter>Header Files\dlg</Filter>
    </ClInclude>
    <ClInclude Include="source\Dlg_Options_SiteMgr.h">
      <Filter>Header Files\dlg</Filter>
    </ClInclude>
    <ClInclude Include="source\Dlg_SavePassword.h">
      <Filter>Header Files\dlg</Filter>
    </ClInclude>
    <ClInclude Include="source\Dlg_SetBatchNumbers.h">
      <Filter>Header Files\dlg</Filter>
    </ClInclude>
    <ClInclude Include="source\Dlg_ShutdownType.h">
      <Filter>Header Files\dlg</Filter>
    </ClInclude>
    <ClInclude Include="source\Dlg_SpreadHelp.h">
      <Filter>Header Files\dlg</Filter>
    </ClInclude>
    <ClInclude Include="source\Dlg_SpreadHelp_LinkCode.h">
      <Filter>Header Files\dlg</Filter>
    </ClInclude>
    <ClInclude Include="source\Dlg_SpreadHelp2.h">
      <Filter>Header Files\dlg</Filter>
    </ClInclude>
    <ClInclude Include="source\Dlg_SpreadHelp2_wb_Events.h">
      <Filter>Header Files\dlg</Filter>
    </ClInclude>
    <ClInclude Include="source\Dlg_SpreadHelp2_wb_UIHandler.h">
      <Filter>Header Files\dlg</Filter>
    </ClInclude>
    <ClInclude Include="source\Dlg_TUMChanged.h">
      <Filter>Header Files\dlg</Filter>
    </ClInclude>
    <ClInclude Include="source\Dlg_Unpack_AskOverwrite.h">
      <Filter>Header Files\dlg</Filter>
    </ClInclude>
    <ClInclude Include="source\Dlg_Unpack_InstAddPack.h">
      <Filter>Header Files\dlg</Filter>
    </ClInclude>
    <ClInclude Include="source\Dlg_UnpackProgress.h">
      <Filter>Header Files\dlg</Filter>
    </ClInclude>
    <ClInclude Include="source\Dlg_UnpackSettings.h">
      <Filter>Header Files\dlg</Filter>
    </ClInclude>
    <ClInclude Include="source\Dlg_WPD_IgnoreList.h">
      <Filter>Header Files\dlg</Filter>
    </ClInclude>
    <ClInclude Include="source\Dlg_WPD_IL_Add.h">
      <Filter>Header Files\dlg</Filter>
    </ClInclude>
    <ClInclude Include="source\Dlg_ConnectionSpeedInfo.h">
      <Filter>Header Files\dlg</Filter>
    </ClInclude>
    <ClInclude Include="source\Dlg_DeletedProperties.h">
      <Filter>Header Files\dlg</Filter>
    </ClInclude>
    <ClInclude Include="source\Dlg_DL.h">
      <Filter>Header Files\dlg</Filter>
    </ClInclude>
    <ClInclude Include="source\Dlg_DownloadsHistory.h">
      <Filter>Header Files\dlg</Filter>
    </ClInclude>
    <ClInclude Include="source\Dlg_ElevateRequired.h">
      <Filter>Header Files\dlg</Filter>
    </ClInclude>
    <ClInclude Include="source\Dlg_ExportDownloads.h">
      <Filter>Header Files\dlg</Filter>
    </ClInclude>
    <ClInclude Include="source\Dlg_ExportHistory.h">
      <Filter>Header Files\dlg</Filter>
    </ClInclude>
    <ClInclude Include="source\Dlg_ExtensionsFilter.h">
      <Filter>Header Files\dlg</Filter>
    </ClInclude>
    <ClInclude Include="source\Dlg_Find.h">
      <Filter>Header Files\dlg</Filter>
    </ClInclude>
    <ClInclude Include="source\Dlg_FindAdvanced.h">
      <Filter>Header Files\dlg</Filter>
    </ClInclude>
    <ClInclude Include="source\DlgProgramOptions.h">
      <Filter>Header Files\dlg</Filter>
    </ClInclude>
    <ClInclude Include="source\Dlg_Sounds.h">
      <Filter>Header Files\dlg</Filter>
    </ClInclude>
    <ClInclude Include="source\Dlg_AER.h">
      <Filter>Header Files\dlg</Filter>
    </ClInclude>
    <ClInclude Include="source\Dlg_UnhExc2.h">
      <Filter>Header Files\dlg</Filter>
    </ClInclude>
    <ClInclude Include="source\Dlg_SpecifyNetworkSpeedValue.h">
      <Filter>Header Files\dlg</Filter>
    </ClInclude>
    <ClInclude Include="source\Dlg_T1ToT2.h">
      <Filter>Header Files\dlg</Filter>
    </ClInclude>
    <ClInclude Include="source\Dlg_TumSettingsPerDirection.h">
      <Filter>Header Files\dlg</Filter>
    </ClInclude>
    <ClInclude Include="source\Dlg_CBD_SeeResults.h">
      <Filter>Header Files\dlg</Filter>
    </ClInclude>
    <ClInclude Include="source\Dlg_DDR.h">
      <Filter>Header Files\dlg</Filter>
    </ClInclude>
    <ClInclude Include="source\Dlg_CreateDownloads.h">
      <Filter>Header Files\dlg</Filter>
    </ClInclude>
    <ClInclude Include="source\Dlg_CreateDownloadList.h">
      <Filter>Header Files\dlg</Filter>
    </ClInclude>
    <ClInclude Include="source\Dlg_CreateDownload.h">
      <Filter>Header Files\dlg</Filter>
    </ClInclude>
    <ClInclude Include="source\fsAppSettings.h">
      <Filter>Header Files\fs</Filter>
    </ClInclude>
    <ClInclude Include="source\fsArchiveFileStream.h">
      <Filter>Header Files\fs</Filter>
    </ClInclude>
    <ClInclude Include="source\fsArchiveInternetStream.h">
      <Filter>Header Files\fs</Filter>
    </ClInclude>
    <ClInclude Include="source\fsArchiveRebuilder.h">
      <Filter>Header Files\fs</Filter>
    </ClInclude>
    <ClInclude Include="source\fsArchiveRebuilderStream.h">
      <Filter>Header Files\fs</Filter>
    </ClInclude>
    <ClInclude Include="source\fsAutorunMgr.h">
      <Filter>Header Files\fs</Filter>
    </ClInclude>
    <ClInclude Include="source\fsClipboardMgr.h">
      <Filter>Header Files\fs</Filter>
    </ClInclude>
    <ClInclude Include="source\fsCmdHistoryMgr.h">
      <Filter>Header Files\fs</Filter>
    </ClInclude>
    <ClInclude Include="source\fsCommandLineParser.h">
      <Filter>Header Files\fs</Filter>
    </ClInclude>
    <ClInclude Include="source\fsContextHelpMgr.h">
      <Filter>Header Files\fs</Filter>
    </ClInclude>
    <ClInclude Include="source\fsDialogsMgr.h">
      <Filter>Header Files\fs</Filter>
    </ClInclude>
    <ClInclude Include="source\fsDldFilter.h">
      <Filter>Header Files\fs</Filter>
    </ClInclude>
    <ClInclude Include="source\fsDownload.h">
      <Filter>Header Files\fs</Filter>
    </ClInclude>
    <ClInclude Include="source\fsDownloadMgr.h">
      <Filter>Header Files\fs</Filter>
    </ClInclude>
    <ClInclude Include="source\fsDownloadRegSaver.h">
      <Filter>Header Files\fs</Filter>
    </ClInclude>
    <ClInclude Include="source\fsDownloads_GroupsMgr.h">
      <Filter>Header Files\fs</Filter>
    </ClInclude>
    <ClInclude Include="source\fsDownloadsHistoryMgr.h">
      <Filter>Header Files\fs</Filter>
    </ClInclude>
    <ClInclude Include="source\fsDownloadsMgr.h">
      <Filter>Header Files\fs</Filter>
    </ClInclude>
    <ClInclude Include="source\fsEventsMgr.h">
      <Filter>Header Files\fs</Filter>
    </ClInclude>
    <ClInclude Include="source\fsFDMCmdLineParser.h">
      <Filter>Header Files\fs</Filter>
    </ClInclude>
    <ClInclude Include="source\fsFindDownloadMgr.h">
      <Filter>Header Files\fs</Filter>
    </ClInclude>
    <ClInclude Include="source\fsHistoriesMgr.h">
      <Filter>Header Files\fs</Filter>
    </ClInclude>
    <ClInclude Include="source\fsInternetDownloader.h">
      <Filter>Header Files\fs</Filter>
    </ClInclude>
    <ClInclude Include="source\fsInternetFileListMgr.h">
      <Filter>Header Files\fs</Filter>
    </ClInclude>
    <ClInclude Include="source\fsLangMgr.h">
      <Filter>Header Files\fs</Filter>
    </ClInclude>
    <ClInclude Include="source\fsMFCLangMgr.h">
      <Filter>Header Files\fs</Filter>
    </ClInclude>
    <ClInclude Include="source\fsMirrorURLsMgr.h">
      <Filter>Header Files\fs</Filter>
    </ClInclude>
    <ClInclude Include="source\fsMutex.h">
      <Filter>Header Files\fs</Filter>
    </ClInclude>
    <ClInclude Include="source\fsODMenu.h">
      <Filter>Header Files\fs</Filter>
    </ClInclude>
    <ClInclude Include="source\fsOpNetIntegrationMgr.h">
      <Filter>Header Files\fs</Filter>
    </ClInclude>
    <ClInclude Include="source\fsPluginMgr.h">
      <Filter>Header Files\fs</Filter>
    </ClInclude>
    <ClInclude Include="source\fsScheduleMgr.h">
      <Filter>Header Files\fs</Filter>
    </ClInclude>
    <ClInclude Include="source\fsSitePingMgr.h">
      <Filter>Header Files\fs</Filter>
    </ClInclude>
    <ClInclude Include="source\fsSitesMgr.h">
      <Filter>Header Files\fs</Filter>
    </ClInclude>
    <ClInclude Include="source\fsSoundsMgr.h">
      <Filter>Header Files\fs</Filter>
    </ClInclude>
    <ClInclude Include="source\fsSpeedMeter.h">
      <Filter>Header Files\fs</Filter>
    </ClInclude>
    <ClInclude Include="source\fsTicksMgr.h">
      <Filter>Header Files\fs</Filter>
    </ClInclude>
    <ClInclude Include="source\fsTrayIconMgr.h">
      <Filter>Header Files\fs</Filter>
    </ClInclude>
    <ClInclude Include="source\fsUpdateMgr.h">
      <Filter>Header Files\fs</Filter>
    </ClInclude>
    <ClInclude Include="source\fsUrlsToDownloadRegKeyMgr.h">
      <Filter>Header Files\fs</Filter>
    </ClInclude>
    <ClInclude Include="source\fsWebPageDownloader.h">
      <Filter>Header Files\fs</Filter>
    </ClInclude>
    <ClInclude Include="source\fsWebPageDownloadsMgr.h">
      <Filter>Header Files\fs</Filter>
    </ClInclude>
    <ClInclude Include="source\fsZipArchiveFastRebuilder.h">
      <Filter>Header Files\fs</Filter>
    </ClInclude>
    <ClInclude Include="source\fsZipArchiveRebuilder.h">
      <Filter>Header Files\fs</Filter>
    </ClInclude>
    <ClInclude Include="source\Dlg_Group.h">
      <Filter>Header Files\dlg</Filter>
    </ClInclude>
    <ClInclude Include="source\Dlg_Prg_GeneralPage_FW.h">
      <Filter>Header Files\dlg</Filter>
    </ClInclude>
    <ClInclude Include="source\Dlg_SCR.h">
      <Filter>Header Files\dlg</Filter>
    </ClInclude>
    <ClInclude Include="source\Dlg_Login.h">
      <Filter>Header Files\dlg</Filter>
    </ClInclude>
    <ClInclude Include="source\Dlg_SpiderAddPage.h">
      <Filter>Header Files\dlg</Filter>
    </ClInclude>
    <ClInclude Include="source\Dlg_WaitForConfirmation.h">
      <Filter>Header Files\dlg</Filter>
    </ClInclude>
    <ClInclude Include="source\Dlg_Wait.h">
      <Filter>Header Files\dlg</Filter>
    </ClInclude>
    <ClInclude Include="source\Dlg_UrlWithLogin.h">
      <Filter>Header Files\dlg</Filter>
    </ClInclude>
    <ClInclude Include="source\Dlg_UE.h">
      <Filter>Header Files\dlg</Filter>
    </ClInclude>
    <ClInclude Include="source\vmsXmlHelper.h">
      <Filter>Header Files\vms</Filter>
    </ClInclude>
    <ClInclude Include="source\vms7zipArchive.h">
      <Filter>Header Files\vms</Filter>
    </ClInclude>
    <ClInclude Include="source\vms7zipArchiveExtractCallback.h">
      <Filter>Header Files\vms</Filter>
    </ClInclude>
    <ClInclude Include="source\vms7zipFormatDLL.h">
      <Filter>Header Files\vms</Filter>
    </ClInclude>
    <ClInclude Include="source\vmsAnimatedGIF.h">
      <Filter>Header Files\vms</Filter>
    </ClInclude>
    <ClInclude Include="source\vmsAppFileUpdateInfo.h">
      <Filter>Header Files\vms</Filter>
    </ClInclude>
    <ClInclude Include="source\vmsAppSettingsStore.h">
      <Filter>Header Files\vms</Filter>
    </ClInclude>
    <ClInclude Include="source\vmsAppTipsMgr.h">
      <Filter>Header Files\vms</Filter>
    </ClInclude>
    <ClInclude Include="source\vmsAppUtil.h">
      <Filter>Header Files\vms</Filter>
    </ClInclude>
    <ClInclude Include="source\vmsArchive.h">
      <Filter>Header Files\vms</Filter>
    </ClInclude>
    <ClInclude Include="source\vmsArchiveCallback.h">
      <Filter>Header Files\vms</Filter>
    </ClInclude>
    <ClInclude Include="source\vmsArchiveMgr.h">
      <Filter>Header Files\vms</Filter>
    </ClInclude>
    <ClInclude Include="source\vmsArchiveRAR.h">
      <Filter>Header Files\vms</Filter>
    </ClInclude>
    <ClInclude Include="source\vmsBatchList.h">
      <Filter>Header Files\vms</Filter>
    </ClInclude>
    <ClInclude Include="source\vmsComDLL.h">
      <Filter>Header Files\vms</Filter>
    </ClInclude>
    <ClInclude Include="source\vmsCrashCatcher.h">
      <Filter>Header Files\vms</Filter>
    </ClInclude>
    <ClInclude Include="source\vmsCrashReporter.h">
      <Filter>Header Files\vms</Filter>
    </ClInclude>
    <ClInclude Include="source\vmsDataFile.h">
      <Filter>Header Files\vms</Filter>
    </ClInclude>
    <ClInclude Include="source\vmsDialogHelper.h">
      <Filter>Header Files\vms</Filter>
    </ClInclude>
    <ClInclude Include="source\vmsDLL.h">
      <Filter>Header Files\vms</Filter>
    </ClInclude>
    <ClInclude Include="source\vmsDocHostUIHandler.h">
      <Filter>Header Files\vms</Filter>
    </ClInclude>
    <ClInclude Include="source\vmsDownloadMgrEx.h">
      <Filter>Header Files\vms</Filter>
    </ClInclude>
    <ClInclude Include="source\vmsDownloadsGroupsMgr.h">
      <Filter>Header Files\vms</Filter>
    </ClInclude>
    <ClInclude Include="source\vmsDownloadsListHelper.h">
      <Filter>Header Files\vms</Filter>
    </ClInclude>
    <ClInclude Include="source\vmsDrawHelper.h">
      <Filter>Header Files\vms</Filter>
    </ClInclude>
    <ClInclude Include="source\vmsElevatedFdm.h">
      <Filter>Header Files\vms</Filter>
    </ClInclude>
    <ClInclude Include="source\vmsFdmApiDownloadImpl.h">
      <Filter>Header Files\vms</Filter>
    </ClInclude>
    <ClInclude Include="source\vmsFdmApiDownloadsMgrImpl.h">
      <Filter>Header Files\vms</Filter>
    </ClInclude>
    <ClInclude Include="source\vmsFdmApiImpl.h">
      <Filter>Header Files\vms</Filter>
    </ClInclude>
    <ClInclude Include="source\vmsFdmAppMgr.h">
      <Filter>Header Files\vms</Filter>
    </ClInclude>
    <ClInclude Include="source\vmsFdmCrashReporter.h">
      <Filter>Header Files\vms</Filter>
    </ClInclude>
    <ClInclude Include="source\vmsFdmFilesDeleter.h">
      <Filter>Header Files\vms</Filter>
    </ClInclude>
    <ClInclude Include="source\vmsFdmUiDetails.h">
      <Filter>Header Files\vms</Filter>
    </ClInclude>
    <ClInclude Include="source\vmsFdmUtils.h">
      <Filter>Header Files\vms</Filter>
    </ClInclude>
    <ClInclude Include="source\vmsFile.h">
      <Filter>Header Files\vms</Filter>
    </ClInclude>
    <ClInclude Include="source\vmsFileDeleter.h">
      <Filter>Header Files\vms</Filter>
    </ClInclude>
    <ClInclude Include="source\vmsFileExtensionInOs.h">
      <Filter>Header Files\vms</Filter>
    </ClInclude>
    <ClInclude Include="source\vmsFileRecentList.h">
      <Filter>Header Files\vms</Filter>
    </ClInclude>
    <ClInclude Include="source\vmsFilesToDelete.h">
      <Filter>Header Files\vms</Filter>
    </ClInclude>
    <ClInclude Include="source\vmsFileUtil.h">
      <Filter>Header Files\vms</Filter>
    </ClInclude>
    <ClInclude Include="source\vmsIeHelper.h">
      <Filter>Header Files\vms</Filter>
    </ClInclude>
    <ClInclude Include="source\vmsImage.h">
      <Filter>Header Files\vms</Filter>
    </ClInclude>
    <ClInclude Include="source\vmsImage_CtxFree.h">
      <Filter>Header Files\vms</Filter>
    </ClInclude>
    <ClInclude Include="source\vmsInternetSession.h">
      <Filter>Header Files\vms</Filter>
    </ClInclude>
    <ClInclude Include="source\vmsIpHelper.h">
      <Filter>Header Files\vms</Filter>
    </ClInclude>
    <ClInclude Include="source\vmsLogger.h">
      <Filter>Header Files\vms</Filter>
    </ClInclude>
    <ClInclude Include="source\vmsMaximumSpeedMeter.h">
      <Filter>Header Files\vms</Filter>
    </ClInclude>
    <ClInclude Include="source\vmsMetalinkFile.h">
      <Filter>Header Files\vms</Filter>
    </ClInclude>
    <ClInclude Include="source\vmsNotEverywhereSupportedFunctions.h">
      <Filter>Header Files\vms</Filter>
    </ClInclude>
    <ClInclude Include="source\vmsPersistableListOfDownloads.h">
      <Filter>Header Files\vms</Filter>
    </ClInclude>
    <ClInclude Include="source\vmsPersistObject.h">
      <Filter>Header Files\vms</Filter>
    </ClInclude>
    <ClInclude Include="source\vmsPluginSupport.h">
      <Filter>Header Files\vms</Filter>
    </ClInclude>
    <ClInclude Include="source\vmsProcessesInjector.h">
      <Filter>Header Files\vms</Filter>
    </ClInclude>
    <ClInclude Include="source\vmsProcessList.h">
      <Filter>Header Files\vms</Filter>
    </ClInclude>
    <ClInclude Include="source\vmsRegisteredApp.h">
      <Filter>Header Files\vms</Filter>
    </ClInclude>
    <ClInclude Include="source\vmsRenderer.h">
      <Filter>Header Files\vms</Filter>
    </ClInclude>
    <ClInclude Include="source\vmsSecurity.h">
      <Filter>Header Files\vms</Filter>
    </ClInclude>
    <ClInclude Include="source\vmsSimpleFileDownloader.h">
      <Filter>Header Files\vms</Filter>
    </ClInclude>
    <ClInclude Include="source\vmsSingleLineTooltip.h">
      <Filter>Header Files\vms</Filter>
    </ClInclude>
    <ClInclude Include="source\vmsSkinMgr.h">
      <Filter>Header Files\vms</Filter>
    </ClInclude>
    <ClInclude Include="source\vmsSpeedTracker.h">
      <Filter>Header Files\vms</Filter>
    </ClInclude>
    <ClInclude Include="source\vmsStringList.h">
      <Filter>Header Files\vms</Filter>
    </ClInclude>
    <ClInclude Include="source\vmsStringParser.h">
      <Filter>Header Files\vms</Filter>
    </ClInclude>
    <ClInclude Include="source\vmsStringRecentList.h">
      <Filter>Header Files\vms</Filter>
    </ClInclude>
    <ClInclude Include="source\vmsSystem.h">
      <Filter>Header Files\vms</Filter>
    </ClInclude>
    <ClInclude Include="source\vmsTheme.h">
      <Filter>Header Files\vms</Filter>
    </ClInclude>
    <ClInclude Include="source\vmsTickCount.h">
      <Filter>Header Files\vms</Filter>
    </ClInclude>
    <ClInclude Include="source\vmsTrafficUsageModeMgr.h">
      <Filter>Header Files\vms</Filter>
    </ClInclude>
    <ClInclude Include="source\vmsTreeCtrlHelper.h">
      <Filter>Header Files\vms</Filter>
    </ClInclude>
    <ClInclude Include="source\vmsUiFonts.h">
      <Filter>Header Files\vms</Filter>
    </ClInclude>
    <ClInclude Include="source\vmsUiLinkWindow.h">
      <Filter>Header Files\vms</Filter>
    </ClInclude>
    <ClInclude Include="source\vmsUiStaticTextWindow.h">
      <Filter>Header Files\vms</Filter>
    </ClInclude>
    <ClInclude Include="source\vmsUiWindow.h">
      <Filter>Header Files\vms</Filter>
    </ClInclude>
    <ClInclude Include="source\vmsUiWindowsHoster.h">
      <Filter>Header Files\vms</Filter>
    </ClInclude>
    <ClInclude Include="source\vmsUnRARDLL.h">
      <Filter>Header Files\vms</Filter>
    </ClInclude>
    <ClInclude Include="source\vmsUploaderDllPersist.h">
      <Filter>Header Files\vms</Filter>
    </ClInclude>
    <ClInclude Include="source\vmsUploadsDllCaller.h">
      <Filter>Header Files\vms</Filter>
    </ClInclude>
    <ClInclude Include="source\vmsUploadsDllCallerSettings.h">
      <Filter>Header Files\vms</Filter>
    </ClInclude>
    <ClInclude Include="source\vmsValueLog.h">
      <Filter>Header Files\vms</Filter>
    </ClInclude>
    <ClInclude Include="source\vmsVideoSiteHtmlCodeParser.h">
      <Filter>Header Files\vms</Filter>
    </ClInclude>
    <ClInclude Include="source\vmsWebBrowserEvents.h">
      <Filter>Header Files\vms</Filter>
    </ClInclude>
    <ClInclude Include="source\Dlg_NOW.h">
      <Filter>Header Files\dlg</Filter>
    </ClInclude>
    <ClInclude Include="source\Dlg_ZipPreview.h">
      <Filter>Header Files\dlg</Filter>
    </ClInclude>
    <ClInclude Include="resource.h">
      <Filter>Header Files</Filter>
    </ClInclude>
  </ItemGroup>
  <ItemGroup>
    <CustomBuild Include="res\back.bmp">
      <Filter>Resource Files</Filter>
    </CustomBuild>
    <CustomBuild Include="res\back_d.bmp">
      <Filter>Resource Files</Filter>
    </CustomBuild>
    <CustomBuild Include="res\checks.bmp">
      <Filter>Resource Files</Filter>
    </CustomBuild>
    <CustomBuild Include="res\choosefolder.ico">
      <Filter>Resource Files</Filter>
    </CustomBuild>
    <CustomBuild Include="res\close.bmp">
      <Filter>Resource Files</Filter>
    </CustomBuild>
    <CustomBuild Include="res\closebtn.ico">
      <Filter>Resource Files</Filter>
    </CustomBuild>
    <CustomBuild Include="res\creategr.ico">
      <Filter>Resource Files</Filter>
    </CustomBuild>
    <CustomBuild Include="res\dldsinfo.bmp">
      <Filter>Resource Files</Filter>
    </CustomBuild>
    <CustomBuild Include="res\dldsinfo_sel.bmp">
      <Filter>Resource Files</Filter>
    </CustomBuild>
    <CustomBuild Include="res\dldtasks_sel.bmp">
      <Filter>Resource Files</Filter>
    </CustomBuild>
    <CustomBuild Include="res\download.bmp">
      <Filter>Resource Files</Filter>
    </CustomBuild>
    <CustomBuild Include="res\downloadstasks.bmp">
      <Filter>Resource Files</Filter>
    </CustomBuild>
    <CustomBuild Include="res\dropbox.ico">
      <Filter>Resource Files</Filter>
    </CustomBuild>
    <CustomBuild Include="res\Fdm.ico">
      <Filter>Resource Files</Filter>
    </CustomBuild>
    <CustomBuild Include="res\manifest.rc">
      <Filter>Resource Files</Filter>
    </CustomBuild>
    <CustomBuild Include="FDM.rgs">
      <Filter>Resource Files</Filter>
    </CustomBuild>
    <CustomBuild Include="res\fdm_getcver_btn.bmp">
      <Filter>Resource Files</Filter>
    </CustomBuild>
    <CustomBuild Include="FdmApp.rgs">
      <Filter>Resource Files</Filter>
    </CustomBuild>
    <CustomBuild Include="FDMDownload.rgs">
      <Filter>Resource Files</Filter>
    </CustomBuild>
    <CustomBuild Include="FDMDownloadsStat.rgs">
      <Filter>Resource Files</Filter>
    </CustomBuild>
    <CustomBuild Include="res\filelist.bmp">
      <Filter>Resource Files</Filter>
    </CustomBuild>
    <CustomBuild Include="res\filelist_sel.bmp">
      <Filter>Resource Files</Filter>
    </CustomBuild>
    <CustomBuild Include="res\go.bmp">
      <Filter>Resource Files</Filter>
    </CustomBuild>
    <CustomBuild Include="res\groups.bmp">
      <Filter>Resource Files</Filter>
    </CustomBuild>
    <CustomBuild Include="res\groupsmenu_d.bmp">
      <Filter>Resource Files</Filter>
    </CustomBuild>
    <CustomBuild Include="res\grpmenu.bmp">
      <Filter>Resource Files</Filter>
    </CustomBuild>
    <CustomBuild Include="res\hand.cur">
      <Filter>Resource Files</Filter>
    </CustomBuild>
    <CustomBuild Include="res\login.ico">
      <Filter>Resource Files</Filter>
    </CustomBuild>
    <CustomBuild Include="res\logo2.ico">
      <Filter>Resource Files</Filter>
    </CustomBuild>
    <CustomBuild Include="res\logstat.bmp">
      <Filter>Resource Files</Filter>
    </CustomBuild>
    <CustomBuild Include="res\scheduler_sel.bmp">
      <Filter>Resource Files</Filter>
    </CustomBuild>
    <CustomBuild Include="res\setfolderdef.ico">
      <Filter>Resource Files</Filter>
    </CustomBuild>
    <CustomBuild Include="res\settime.ico">
      <Filter>Resource Files</Filter>
    </CustomBuild>
    <CustomBuild Include="res\sheduler.bmp">
      <Filter>Resource Files</Filter>
    </CustomBuild>
    <CustomBuild Include="res\sitelist.bmp">
      <Filter>Resource Files</Filter>
    </CustomBuild>
    <CustomBuild Include="res\sitelist_sel.bmp">
      <Filter>Resource Files</Filter>
    </CustomBuild>
    <CustomBuild Include="res\sortimages.bmp">
      <Filter>Resource Files</Filter>
    </CustomBuild>
    <CustomBuild Include="res\test_ok.ico">
      <Filter>Resource Files</Filter>
    </CustomBuild>
    <CustomBuild Include="res\tool0.bmp">
      <Filter>Resource Files</Filter>
    </CustomBuild>
    <CustomBuild Include="res\tool0_16.bmp">
      <Filter>Resource Files</Filter>
    </CustomBuild>
    <CustomBuild Include="res\tool0_16_d.bmp">
      <Filter>Resource Files</Filter>
    </CustomBuild>
    <CustomBuild Include="res\tool0_d.bmp">
      <Filter>Resource Files</Filter>
    </CustomBuild>
    <CustomBuild Include="res\tool_dld.bmp">
      <Filter>Resource Files</Filter>
    </CustomBuild>
    <CustomBuild Include="res\tool_dld_16.bmp">
      <Filter>Resource Files</Filter>
    </CustomBuild>
    <CustomBuild Include="res\tool_dld_16_d.bmp">
      <Filter>Resource Files</Filter>
    </CustomBuild>
    <CustomBuild Include="res\tool_hfe.bmp">
      <Filter>Resource Files</Filter>
    </CustomBuild>
    <CustomBuild Include="res\tool_hfe_16.bmp">
      <Filter>Resource Files</Filter>
    </CustomBuild>
    <CustomBuild Include="res\tool_hfe_16_d.bmp">
      <Filter>Resource Files</Filter>
    </CustomBuild>
    <CustomBuild Include="res\tool_sch.bmp">
      <Filter>Resource Files</Filter>
    </CustomBuild>
    <CustomBuild Include="res\tool_sch_16.bmp">
      <Filter>Resource Files</Filter>
    </CustomBuild>
    <CustomBuild Include="res\tool_sch_16_d.bmp">
      <Filter>Resource Files</Filter>
    </CustomBuild>
    <CustomBuild Include="res\tool_sites.bmp">
      <Filter>Resource Files</Filter>
    </CustomBuild>
    <CustomBuild Include="res\tool_sites_16.bmp">
      <Filter>Resource Files</Filter>
    </CustomBuild>
    <CustomBuild Include="res\tool_sites_16_d.bmp">
      <Filter>Resource Files</Filter>
    </CustomBuild>
    <CustomBuild Include="res\tool_sites_d.bmp">
      <Filter>Resource Files</Filter>
    </CustomBuild>
    <CustomBuild Include="res\tool_spider.bmp">
      <Filter>Resource Files</Filter>
    </CustomBuild>
    <CustomBuild Include="res\tool_spider_16.bmp">
      <Filter>Resource Files</Filter>
    </CustomBuild>
    <CustomBuild Include="res\tool_spider_16_d.bmp">
      <Filter>Resource Files</Filter>
    </CustomBuild>
    <CustomBuild Include="res\tool_spider_d.bmp">
      <Filter>Resource Files</Filter>
    </CustomBuild>
    <CustomBuild Include="res\tooldlds_d.bmp">
      <Filter>Resource Files</Filter>
    </CustomBuild>
    <CustomBuild Include="res\toolhfe_d.bmp">
      <Filter>Resource Files</Filter>
    </CustomBuild>
    <CustomBuild Include="res\toolschedule_d.bmp">
      <Filter>Resource Files</Filter>
    </CustomBuild>
    <CustomBuild Include="res\tosel.ico">
      <Filter>Resource Files</Filter>
    </CustomBuild>
    <CustomBuild Include="res\tounsel.ico">
      <Filter>Resource Files</Filter>
    </CustomBuild>
    <CustomBuild Include="res\tray.ico">
      <Filter>Resource Files</Filter>
    </CustomBuild>
    <CustomBuild Include="res\tray_dow.ico">
      <Filter>Resource Files</Filter>
    </CustomBuild>
    <CustomBuild Include="res\tray_err.ico">
      <Filter>Resource Files</Filter>
    </CustomBuild>
    <CustomBuild Include="res\tray_unk.ico">
      <Filter>Resource Files</Filter>
    </CustomBuild>
    <CustomBuild Include="WgUrlListReceiver.rgs">
      <Filter>Resource Files</Filter>
    </CustomBuild>
    <CustomBuild Include="WGUrlReceiver.rgs">
      <Filter>Resource Files</Filter>
    </CustomBuild>
    <CustomBuild Include="lang\eng.lng">
      <Filter>Resource Files</Filter>
    </CustomBuild>
  </ItemGroup>
  <ItemGroup>
    <None Include="FdmUiWindow.rgs">
      <Filter>Resource Files</Filter>
    </None>
  </ItemGroup>
  <ItemGroup>
    <ResourceCompile Include="fdm.rc">
      <Filter>Resource Files</Filter>
    </ResourceCompile>
  </ItemGroup>
</Project>